<Solution>
  <Folder Name="/samples/">
    <Project Path="NpoiFluentExcel.ConsoleDemo/NpoiFluentExcel.ConsoleDemo.csproj" />
  </Folder>
  <Folder Name="/src/">
    <Project Path="NpoiFluentExcel/NpoiFluentExcel.csproj" />
  </Folder>
  <Folder Name="/tests/">
    <Project Path="NpoiFluentExcel.Tests/NpoiFluentExcel.Tests.csproj" />
  </Folder>
</Solution>
